// !$*UTF8*$!
{
	archiveVersion = 1;
	classes = {
	};
	objectVersion = 50;
	objects = {

/* Begin PBXBuildFile section */
		6DAC6BC6229E3D8100D19A48 /* AppDelegate.swift in Sources */ = {isa = PBXBuildFile; fileRef = 6DAC6BC5229E3D8100D19A48 /* AppDelegate.swift */; };
		6DAC6BC8229E3D8100D19A48 /* ViewController.swift in Sources */ = {isa = PBXBuildFile; fileRef = 6DAC6BC7229E3D8100D19A48 /* ViewController.swift */; };
		6DAC6BCB229E3D8100D19A48 /* Main.storyboard in Resources */ = {isa = PBXBuildFile; fileRef = 6DAC6BC9229E3D8100D19A48 /* Main.storyboard */; };
		6DAC6BCD229E3D8800D19A48 /* Assets.xcassets in Resources */ = {isa = PBXBuildFile; fileRef = 6DAC6BCC229E3D8800D19A48 /* Assets.xcassets */; };
		6DAC6BD0229E3D8800D19A48 /* LaunchScreen.storyboard in Resources */ = {isa = PBXBuildFile; fileRef = 6DAC6BCE229E3D8800D19A48 /* LaunchScreen.storyboard */; };
		6DAC6BDB229E3D8800D19A48 /* testserverTests.swift in Sources */ = {isa = PBXBuildFile; fileRef = 6DAC6BDA229E3D8800D19A48 /* testserverTests.swift */; };
		6DAC6BE6229E3D8800D19A48 /* testserverUITests.swift in Sources */ = {isa = PBXBuildFile; fileRef = 6DAC6BE5229E3D8800D19A48 /* testserverUITests.swift */; };
/* End PBXBuildFile section */

/* Begin PBXContainerItemProxy section */
		6DAC6BD7229E3D8800D19A48 /* PBXContainerItemProxy */ = {
			isa = PBXContainerItemProxy;
			containerPortal = 6DAC6BBA229E3D8000D19A48 /* Project object */;
			proxyType = 1;
			remoteGlobalIDString = 6DAC6BC1229E3D8100D19A48;
			remoteInfo = testserver;
		};
		6DAC6BE2229E3D8800D19A48 /* PBXContainerItemProxy */ = {
			isa = PBXContainerItemProxy;
			containerPortal = 6DAC6BBA229E3D8000D19A48 /* Project object */;
			proxyType = 1;
			remoteGlobalIDString = 6DAC6BC1229E3D8100D19A48;
			remoteInfo = testserver;
		};
/* End PBXContainerItemProxy section */

/* Begin PBXFileReference section */
		6DAC6BC2229E3D8100D19A48 /* testserver.app */ = {isa = PBXFileReference; explicitFileType = wrapper.application; includeInIndex = 0; path = testserver.app; sourceTree = BUILT_PRODUCTS_DIR; };
		6DAC6BC5229E3D8100D19A48 /* AppDelegate.swift */ = {isa = PBXFileReference; lastKnownFileType = sourcecode.swift; path = AppDelegate.swift; sourceTree = "<group>"; };
		6DAC6BC7229E3D8100D19A48 /* ViewController.swift */ = {isa = PBXFileReference; lastKnownFileType = sourcecode.swift; path = ViewController.swift; sourceTree = "<group>"; };
		6DAC6BCA229E3D8100D19A48 /* Base */ = {isa = PBXFileReference; lastKnownFileType = file.storyboard; name = Base; path = Base.lproj/Main.storyboard; sourceTree = "<group>"; };
		6DAC6BCC229E3D8800D19A48 /* Assets.xcassets */ = {isa = PBXFileReference; lastKnownFileType = folder.assetcatalog; path = Assets.xcassets; sourceTree = "<group>"; };
		6DAC6BCF229E3D8800D19A48 /* Base */ = {isa = PBXFileReference; lastKnownFileType = file.storyboard; name = Base; path = Base.lproj/LaunchScreen.storyboard; sourceTree = "<group>"; };
		6DAC6BD1229E3D8800D19A48 /* Info.plist */ = {isa = PBXFileReference; lastKnownFileType = text.plist.xml; path = Info.plist; sourceTree = "<group>"; };
		6DAC6BD6229E3D8800D19A48 /* testserverTests.xctest */ = {isa = PBXFileReference; explicitFileType = wrapper.cfbundle; includeInIndex = 0; path = testserverTests.xctest; sourceTree = BUILT_PRODUCTS_DIR; };
		6DAC6BDA229E3D8800D19A48 /* testserverTests.swift */ = {isa = PBXFileReference; lastKnownFileType = sourcecode.swift; path = testserverTests.swift; sourceTree = "<group>"; };
		6DAC6BDC229E3D8800D19A48 /* Info.plist */ = {isa = PBXFileReference; lastKnownFileType = text.plist.xml; path = Info.plist; sourceTree = "<group>"; };
		6DAC6BE1229E3D8800D19A48 /* testserverUITests.xctest */ = {isa = PBXFileReference; explicitFileType = wrapper.cfbundle; includeInIndex = 0; path = testserverUITests.xctest; sourceTree = BUILT_PRODUCTS_DIR; };
		6DAC6BE5229E3D8800D19A48 /* testserverUITests.swift */ = {isa = PBXFileReference; lastKnownFileType = sourcecode.swift; path = testserverUITests.swift; sourceTree = "<group>"; };
		6DAC6BE7229E3D8800D19A48 /* Info.plist */ = {isa = PBXFileReference; lastKnownFileType = text.plist.xml; path = Info.plist; sourceTree = "<group>"; };
/* End PBXFileReference section */

/* Begin PBXFrameworksBuildPhase section */
		6DAC6BBF229E3D8100D19A48 /* Frameworks */ = {
			isa = PBXFrameworksBuildPhase;
			buildActionMask = 2147483647;
			files = (
			);
			runOnlyForDeploymentPostprocessing = 0;
		};
		6DAC6BD3229E3D8800D19A48 /* Frameworks */ = {
			isa = PBXFrameworksBuildPhase;
			buildActionMask = 2147483647;
			files = (
			);
			runOnlyForDeploymentPostprocessing = 0;
		};
		6DAC6BDE229E3D8800D19A48 /* Frameworks */ = {
			isa = PBXFrameworksBuildPhase;
			buildActionMask = 2147483647;
			files = (
			);
			runOnlyForDeploymentPostprocessing = 0;
		};
/* End PBXFrameworksBuildPhase section */

/* Begin PBXGroup section */
		6DAC6BB9229E3D8000D19A48 = {
			isa = PBXGroup;
			children = (
				6DAC6BC4229E3D8100D19A48 /* testserver */,
				6DAC6BD9229E3D8800D19A48 /* testserverTests */,
				6DAC6BE4229E3D8800D19A48 /* testserverUITests */,
				6DAC6BC3229E3D8100D19A48 /* Products */,
			);
			sourceTree = "<group>";
		};
		6DAC6BC3229E3D8100D19A48 /* Products */ = {
			isa = PBXGroup;
			children = (
				6DAC6BC2229E3D8100D19A48 /* testserver.app */,
				6DAC6BD6229E3D8800D19A48 /* testserverTests.xctest */,
				6DAC6BE1229E3D8800D19A48 /* testserverUITests.xctest */,
			);
			name = Products;
			sourceTree = "<group>";
		};
		6DAC6BC4229E3D8100D19A48 /* testserver */ = {
			isa = PBXGroup;
			children = (
				6DAC6BC5229E3D8100D19A48 /* AppDelegate.swift */,
				6DAC6BC7229E3D8100D19A48 /* ViewController.swift */,
				6DAC6BC9229E3D8100D19A48 /* Main.storyboard */,
				6DAC6BCC229E3D8800D19A48 /* Assets.xcassets */,
				6DAC6BCE229E3D8800D19A48 /* LaunchScreen.storyboard */,
				6DAC6BD1229E3D8800D19A48 /* Info.plist */,
			);
			path = testserver;
			sourceTree = "<group>";
		};
		6DAC6BD9229E3D8800D19A48 /* testserverTests */ = {
			isa = PBXGroup;
			children = (
				6DAC6BDA229E3D8800D19A48 /* testserverTests.swift */,
				6DAC6BDC229E3D8800D19A48 /* Info.plist */,
			);
			path = testserverTests;
			sourceTree = "<group>";
		};
		6DAC6BE4229E3D8800D19A48 /* testserverUITests */ = {
			isa = PBXGroup;
			children = (
				6DAC6BE5229E3D8800D19A48 /* testserverUITests.swift */,
				6DAC6BE7229E3D8800D19A48 /* Info.plist */,
			);
			path = testserverUITests;
			sourceTree = "<group>";
		};
/* End PBXGroup section */

/* Begin PBXNativeTarget section */
		6DAC6BC1229E3D8100D19A48 /* testserver */ = {
			isa = PBXNativeTarget;
			buildConfigurationList = 6DAC6BEA229E3D8800D19A48 /* Build configuration list for PBXNativeTarget "testserver" */;
			buildPhases = (
				6DAC6BBE229E3D8100D19A48 /* Sources */,
				6DAC6BBF229E3D8100D19A48 /* Frameworks */,
				6DAC6BC0229E3D8100D19A48 /* Resources */,
			);
			buildRules = (
			);
			dependencies = (
			);
			name = testserver;
			productName = testserver;
			productReference = 6DAC6BC2229E3D8100D19A48 /* testserver.app */;
			productType = "com.apple.product-type.application";
		};
		6DAC6BD5229E3D8800D19A48 /* testserverTests */ = {
			isa = PBXNativeTarget;
			buildConfigurationList = 6DAC6BED229E3D8800D19A48 /* Build configuration list for PBXNativeTarget "testserverTests" */;
			buildPhases = (
				6DAC6BD2229E3D8800D19A48 /* Sources */,
				6DAC6BD3229E3D8800D19A48 /* Frameworks */,
				6DAC6BD4229E3D8800D19A48 /* Resources */,
			);
			buildRules = (
			);
			dependencies = (
				6DAC6BD8229E3D8800D19A48 /* PBXTargetDependency */,
			);
			name = testserverTests;
			productName = testserverTests;
			productReference = 6DAC6BD6229E3D8800D19A48 /* testserverTests.xctest */;
			productType = "com.apple.product-type.bundle.unit-test";
		};
		6DAC6BE0229E3D8800D19A48 /* testserverUITests */ = {
			isa = PBXNativeTarget;
			buildConfigurationList = 6DAC6BF0229E3D8800D19A48 /* Build configuration list for PBXNativeTarget "testserverUITests" */;
			buildPhases = (
				6DAC6BDD229E3D8800D19A48 /* Sources */,
				6DAC6BDE229E3D8800D19A48 /* Frameworks */,
				6DAC6BDF229E3D8800D19A48 /* Resources */,
			);
			buildRules = (
			);
			dependencies = (
				6DAC6BE3229E3D8800D19A48 /* PBXTargetDependency */,
			);
			name = testserverUITests;
			productName = testserverUITests;
			productReference = 6DAC6BE1229E3D8800D19A48 /* testserverUITests.xctest */;
			productType = "com.apple.product-type.bundle.ui-testing";
		};
/* End PBXNativeTarget section */

/* Begin PBXProject section */
		6DAC6BBA229E3D8000D19A48 /* Project object */ = {
			isa = PBXProject;
			attributes = {
				LastSwiftUpdateCheck = 1020;
				LastUpgradeCheck = 1020;
				ORGANIZATIONNAME = "Naveen Vijay";
				TargetAttributes = {
					6DAC6BC1229E3D8100D19A48 = {
						CreatedOnToolsVersion = 10.2.1;
					};
					6DAC6BD5229E3D8800D19A48 = {
						CreatedOnToolsVersion = 10.2.1;
						TestTargetID = 6DAC6BC1229E3D8100D19A48;
					};
					6DAC6BE0229E3D8800D19A48 = {
						CreatedOnToolsVersion = 10.2.1;
						TestTargetID = 6DAC6BC1229E3D8100D19A48;
					};
				};
			};
			buildConfigurationList = 6DAC6BBD229E3D8000D19A48 /* Build configuration list for PBXProject "testserver" */;
			compatibilityVersion = "Xcode 9.3";
			developmentRegion = en;
			hasScannedForEncodings = 0;
			knownRegions = (
				en,
				Base,
			);
			mainGroup = 6DAC6BB9229E3D8000D19A48;
			productRefGroup = 6DAC6BC3229E3D8100D19A48 /* Products */;
			projectDirPath = "";
			projectRoot = "";
			targets = (
				6DAC6BC1229E3D8100D19A48 /* testserver */,
				6DAC6BD5229E3D8800D19A48 /* testserverTests */,
				6DAC6BE0229E3D8800D19A48 /* testserverUITests */,
			);
		};
/* End PBXProject section */

/* Begin PBXResourcesBuildPhase section */
		6DAC6BC0229E3D8100D19A48 /* Resources */ = {
			isa = PBXResourcesBuildPhase;
			buildActionMask = 2147483647;
			files = (
				6DAC6BD0229E3D8800D19A48 /* LaunchScreen.storyboard in Resources */,
				6DAC6BCD229E3D8800D19A48 /* Assets.xcassets in Resources */,
				6DAC6BCB229E3D8100D19A48 /* Main.storyboard in Resources */,
			);
			runOnlyForDeploymentPostprocessing = 0;
		};
		6DAC6BD4229E3D8800D19A48 /* Resources */ = {
			isa = PBXResourcesBuildPhase;
			buildActionMask = 2147483647;
			files = (
			);
			runOnlyForDeploymentPostprocessing = 0;
		};
		6DAC6BDF229E3D8800D19A48 /* Resources */ = {
			isa = PBXResourcesBuildPhase;
			buildActionMask = 2147483647;
			files = (
			);
			runOnlyForDeploymentPostprocessing = 0;
		};
/* End PBXResourcesBuildPhase section */

/* Begin PBXSourcesBuildPhase section */
		6DAC6BBE229E3D8100D19A48 /* Sources */ = {
			isa = PBXSourcesBuildPhase;
			buildActionMask = 2147483647;
			files = (
				6DAC6BC8229E3D8100D19A48 /* ViewController.swift in Sources */,
				6DAC6BC6229E3D8100D19A48 /* AppDelegate.swift in Sources */,
			);
			runOnlyForDeploymentPostprocessing = 0;
		};
		6DAC6BD2229E3D8800D19A48 /* Sources */ = {
			isa = PBXSourcesBuildPhase;
			buildActionMask = 2147483647;
			files = (
				6DAC6BDB229E3D8800D19A48 /* testserverTests.swift in Sources */,
			);
			runOnlyForDeploymentPostprocessing = 0;
		};
		6DAC6BDD229E3D8800D19A48 /* Sources */ = {
			isa = PBXSourcesBuildPhase;
			buildActionMask = 2147483647;
			files = (
				6DAC6BE6229E3D8800D19A48 /* testserverUITests.swift in Sources */,
			);
			runOnlyForDeploymentPostprocessing = 0;
		};
/* End PBXSourcesBuildPhase section */

/* Begin PBXTargetDependency section */
		6DAC6BD8229E3D8800D19A48 /* PBXTargetDependency */ = {
			isa = PBXTargetDependency;
			target = 6DAC6BC1229E3D8100D19A48 /* testserver */;
			targetProxy = 6DAC6BD7229E3D8800D19A48 /* PBXContainerItemProxy */;
		};
		6DAC6BE3229E3D8800D19A48 /* PBXTargetDependency */ = {
			isa = PBXTargetDependency;
			target = 6DAC6BC1229E3D8100D19A48 /* testserver */;
			targetProxy = 6DAC6BE2229E3D8800D19A48 /* PBXContainerItemProxy */;
		};
/* End PBXTargetDependency section */

/* Begin PBXVariantGroup section */
		6DAC6BC9229E3D8100D19A48 /* Main.storyboard */ = {
			isa = PBXVariantGroup;
			children = (
				6DAC6BCA229E3D8100D19A48 /* Base */,
			);
			name = Main.storyboard;
			sourceTree = "<group>";
		};
		6DAC6BCE229E3D8800D19A48 /* LaunchScreen.storyboard */ = {
			isa = PBXVariantGroup;
			children = (
				6DAC6BCF229E3D8800D19A48 /* Base */,
			);
			name = LaunchScreen.storyboard;
			sourceTree = "<group>";
		};
/* End PBXVariantGroup section */

/* Begin XCBuildConfiguration section */
		6DAC6BE8229E3D8800D19A48 /* Debug */ = {
			isa = XCBuildConfiguration;
			buildSettings = {
				ALWAYS_SEARCH_USER_PATHS = NO;
				CLANG_ANALYZER_NONNULL = YES;
				CLANG_ANALYZER_NUMBER_OBJECT_CONVERSION = YES_AGGRESSIVE;
				CLANG_CXX_LANGUAGE_STANDARD = "gnu++14";
				CLANG_CXX_LIBRARY = "libc++";
				CLANG_ENABLE_MODULES = YES;
				CLANG_ENABLE_OBJC_ARC = YES;
				CLANG_ENABLE_OBJC_WEAK = YES;
				CLANG_WARN_BLOCK_CAPTURE_AUTORELEASING = YES;
				CLANG_WARN_BOOL_CONVERSION = YES;
				CLANG_WARN_COMMA = YES;
				CLANG_WARN_CONSTANT_CONVERSION = YES;
				CLANG_WARN_DEPRECATED_OBJC_IMPLEMENTATIONS = YES;
				CLANG_WARN_DIRECT_OBJC_ISA_USAGE = YES_ERROR;
				CLANG_WARN_DOCUMENTATION_COMMENTS = YES;
				CLANG_WARN_EMPTY_BODY = YES;
				CLANG_WARN_ENUM_CONVERSION = YES;
				CLANG_WARN_INFINITE_RECURSION = YES;
				CLANG_WARN_INT_CONVERSION = YES;
				CLANG_WARN_NON_LITERAL_NULL_CONVERSION = YES;
				CLANG_WARN_OBJC_IMPLICIT_RETAIN_SELF = YES;
				CLANG_WARN_OBJC_LITERAL_CONVERSION = YES;
				CLANG_WARN_OBJC_ROOT_CLASS = YES_ERROR;
				CLANG_WARN_RANGE_LOOP_ANALYSIS = YES;
				CLANG_WARN_STRICT_PROTOTYPES = YES;
				CLANG_WARN_SUSPICIOUS_MOVE = YES;
				CLANG_WARN_UNGUARDED_AVAILABILITY = YES_AGGRESSIVE;
				CLANG_WARN_UNREACHABLE_CODE = YES;
				CLANG_WARN__DUPLICATE_METHOD_MATCH = YES;
				CODE_SIGN_IDENTITY = "iPhone Developer";
				COPY_PHASE_STRIP = NO;
				DEBUG_INFORMATION_FORMAT = dwarf;
				ENABLE_STRICT_OBJC_MSGSEND = YES;
				ENABLE_TESTABILITY = YES;
				GCC_C_LANGUAGE_STANDARD = gnu11;
				GCC_DYNAMIC_NO_PIC = NO;
				GCC_NO_COMMON_BLOCKS = YES;
				GCC_OPTIMIZATION_LEVEL = 0;
				GCC_PREPROCESSOR_DEFINITIONS = (
					"DEBUG=1",
					"$(inherited)",
				);
				GCC_WARN_64_TO_32_BIT_CONVERSION = YES;
				GCC_WARN_ABOUT_RETURN_TYPE = YES_ERROR;
				GCC_WARN_UNDECLARED_SELECTOR = YES;
				GCC_WARN_UNINITIALIZED_AUTOS = YES_AGGRESSIVE;
				GCC_WARN_UNUSED_FUNCTION = YES;
				GCC_WARN_UNUSED_VARIABLE = YES;
				IPHONEOS_DEPLOYMENT_TARGET = 12.2;
				MTL_ENABLE_DEBUG_INFO = INCLUDE_SOURCE;
				MTL_FAST_MATH = YES;
				ONLY_ACTIVE_ARCH = YES;
				SDKROOT = iphoneos;
				SWIFT_ACTIVE_COMPILATION_CONDITIONS = DEBUG;
				SWIFT_OPTIMIZATION_LEVEL = "-Onone";
			};
			name = Debug;
		};
		6DAC6BE9229E3D8800D19A48 /* Release */ = {
			isa = XCBuildConfiguration;
			buildSettings = {
				ALWAYS_SEARCH_USER_PATHS = NO;
				CLANG_ANALYZER_NONNULL = YES;
				CLANG_ANALYZER_NUMBER_OBJECT_CONVERSION = YES_AGGRESSIVE;
				CLANG_CXX_LANGUAGE_STANDARD = "gnu++14";
				CLANG_CXX_LIBRARY = "libc++";
				CLANG_ENABLE_MODULES = YES;
				CLANG_ENABLE_OBJC_ARC = YES;
				CLANG_ENABLE_OBJC_WEAK = YES;
				CLANG_WARN_BLOCK_CAPTURE_AUTORELEASING = YES;
				CLANG_WARN_BOOL_CONVERSION = YES;
				CLANG_WARN_COMMA = YES;
				CLANG_WARN_CONSTANT_CONVERSION = YES;
				CLANG_WARN_DEPRECATED_OBJC_IMPLEMENTATIONS = YES;
				CLANG_WARN_DIRECT_OBJC_ISA_USAGE = YES_ERROR;
				CLANG_WARN_DOCUMENTATION_COMMENTS = YES;
				CLANG_WARN_EMPTY_BODY = YES;
				CLANG_WARN_ENUM_CONVERSION = YES;
				CLANG_WARN_INFINITE_RECURSION = YES;
				CLANG_WARN_INT_CONVERSION = YES;
				CLANG_WARN_NON_LITERAL_NULL_CONVERSION = YES;
				CLANG_WARN_OBJC_IMPLICIT_RETAIN_SELF = YES;
				CLANG_WARN_OBJC_LITERAL_CONVERSION = YES;
				CLANG_WARN_OBJC_ROOT_CLASS = YES_ERROR;
				CLANG_WARN_RANGE_LOOP_ANALYSIS = YES;
				CLANG_WARN_STRICT_PROTOTYPES = YES;
				CLANG_WARN_SUSPICIOUS_MOVE = YES;
				CLANG_WARN_UNGUARDED_AVAILABILITY = YES_AGGRESSIVE;
				CLANG_WARN_UNREACHABLE_CODE = YES;
				CLANG_WARN__DUPLICATE_METHOD_MATCH = YES;
				CODE_SIGN_IDENTITY = "iPhone Developer";
				COPY_PHASE_STRIP = NO;
				DEBUG_INFORMATION_FORMAT = "dwarf-with-dsym";
				ENABLE_NS_ASSERTIONS = NO;
				ENABLE_STRICT_OBJC_MSGSEND = YES;
				GCC_C_LANGUAGE_STANDARD = gnu11;
				GCC_NO_COMMON_BLOCKS = YES;
				GCC_WARN_64_TO_32_BIT_CONVERSION = YES;
				GCC_WARN_ABOUT_RETURN_TYPE = YES_ERROR;
				GCC_WARN_UNDECLARED_SELECTOR = YES;
				GCC_WARN_UNINITIALIZED_AUTOS = YES_AGGRESSIVE;
				GCC_WARN_UNUSED_FUNCTION = YES;
				GCC_WARN_UNUSED_VARIABLE = YES;
				IPHONEOS_DEPLOYMENT_TARGET = 12.2;
				MTL_ENABLE_DEBUG_INFO = NO;
				MTL_FAST_MATH = YES;
				SDKROOT = iphoneos;
				SWIFT_COMPILATION_MODE = wholemodule;
				SWIFT_OPTIMIZATION_LEVEL = "-O";
				VALIDATE_PRODUCT = YES;
			};
			name = Release;
		};
		6DAC6BEB229E3D8800D19A48 /* Debug */ = {
			isa = XCBuildConfiguration;
			buildSettings = {
				ASSETCATALOG_COMPILER_APPICON_NAME = AppIcon;
				CODE_SIGN_STYLE = Automatic;
				DEVELOPMENT_TEAM = 85B8257YG7;
				INFOPLIST_FILE = testserver/Info.plist;
				LD_RUNPATH_SEARCH_PATHS = (
					"$(inherited)",
					"@executable_path/Frameworks",
				);
				PRODUCT_BUNDLE_IDENTIFIER = com.vnm.testserver;
				PRODUCT_NAME = "$(TARGET_NAME)";
				SWIFT_VERSION = 5.0;
				TARGETED_DEVICE_FAMILY = "1,2";
			};
			name = Debug;
		};
		6DAC6BEC229E3D8800D19A48 /* Release */ = {
			isa = XCBuildConfiguration;
			buildSettings = {
				ASSETCATALOG_COMPILER_APPICON_NAME = AppIcon;
				CODE_SIGN_STYLE = Automatic;
				DEVELOPMENT_TEAM = 85B8257YG7;
				INFOPLIST_FILE = testserver/Info.plist;
				LD_RUNPATH_SEARCH_PATHS = (
					"$(inherited)",
					"@executable_path/Frameworks",
				);
				PRODUCT_BUNDLE_IDENTIFIER = com.vnm.testserver;
				PRODUCT_NAME = "$(TARGET_NAME)";
				SWIFT_VERSION = 5.0;
				TARGETED_DEVICE_FAMILY = "1,2";
			};
			name = Release;
		};
		6DAC6BEE229E3D8800D19A48 /* Debug */ = {
			isa = XCBuildConfiguration;
			buildSettings = {
				ALWAYS_EMBED_SWIFT_STANDARD_LIBRARIES = YES;
				BUNDLE_LOADER = "$(TEST_HOST)";
				CODE_SIGN_STYLE = Automatic;
				DEVELOPMENT_TEAM = 85B8257YG7;
				INFOPLIST_FILE = testserverTests/Info.plist;
				LD_RUNPATH_SEARCH_PATHS = (
					"$(inherited)",
					"@executable_path/Frameworks",
					"@loader_path/Frameworks",
				);
				PRODUCT_BUNDLE_IDENTIFIER = com.vnm.testserverTests;
				PRODUCT_NAME = "$(TARGET_NAME)";
				SWIFT_VERSION = 5.0;
				TARGETED_DEVICE_FAMILY = "1,2";
				TEST_HOST = "$(BUILT_PRODUCTS_DIR)/testserver.app/testserver";
			};
			name = Debug;
		};
		6DAC6BEF229E3D8800D19A48 /* Release */ = {
			isa = XCBuildConfiguration;
			buildSettings = {
				ALWAYS_EMBED_SWIFT_STANDARD_LIBRARIES = YES;
				BUNDLE_LOADER = "$(TEST_HOST)";
				CODE_SIGN_STYLE = Automatic;
				DEVELOPMENT_TEAM = 85B8257YG7;
				INFOPLIST_FILE = testserverTests/Info.plist;
				LD_RUNPATH_SEARCH_PATHS = (
					"$(inherited)",
					"@executable_path/Frameworks",
					"@loader_path/Frameworks",
				);
				PRODUCT_BUNDLE_IDENTIFIER = com.vnm.testserverTests;
				PRODUCT_NAME = "$(TARGET_NAME)";
				SWIFT_VERSION = 5.0;
				TARGETED_DEVICE_FAMILY = "1,2";
				TEST_HOST = "$(BUILT_PRODUCTS_DIR)/testserver.app/testserver";
			};
			name = Release;
		};
		6DAC6BF1229E3D8800D19A48 /* Debug */ = {
			isa = XCBuildConfiguration;
			buildSettings = {
				ALWAYS_EMBED_SWIFT_STANDARD_LIBRARIES = YES;
				CODE_SIGN_STYLE = Automatic;
				DEVELOPMENT_TEAM = 85B8257YG7;
				INFOPLIST_FILE = testserverUITests/Info.plist;
				LD_RUNPATH_SEARCH_PATHS = (
					"$(inherited)",
					"@executable_path/Frameworks",
					"@loader_path/Frameworks",
				);
				PRODUCT_BUNDLE_IDENTIFIER = com.vnm.testserverUITests;
				PRODUCT_NAME = "$(TARGET_NAME)";
				SWIFT_VERSION = 5.0;
				TARGETED_DEVICE_FAMILY = "1,2";
				TEST_TARGET_NAME = testserver;
			};
			name = Debug;
		};
		6DAC6BF2229E3D8800D19A48 /* Release */ = {
			isa = XCBuildConfiguration;
			buildSettings = {
				ALWAYS_EMBED_SWIFT_STANDARD_LIBRARIES = YES;
				CODE_SIGN_STYLE = Automatic;
				DEVELOPMENT_TEAM = 85B8257YG7;
				INFOPLIST_FILE = testserverUITests/Info.plist;
				LD_RUNPATH_SEARCH_PATHS = (
					"$(inherited)",
					"@executable_path/Frameworks",
					"@loader_path/Frameworks",
				);
				PRODUCT_BUNDLE_IDENTIFIER = com.vnm.testserverUITests;
				PRODUCT_NAME = "$(TARGET_NAME)";
				SWIFT_VERSION = 5.0;
				TARGETED_DEVICE_FAMILY = "1,2";
				TEST_TARGET_NAME = testserver;
			};
			name = Release;
		};
/* End XCBuildConfiguration section */

/* Begin XCConfigurationList section */
		6DAC6BBD229E3D8000D19A48 /* Build configuration list for PBXProject "testserver" */ = {
			isa = XCConfigurationList;
			buildConfigurations = (
				6DAC6BE8229E3D8800D19A48 /* Debug */,
				6DAC6BE9229E3D8800D19A48 /* Release */,
			);
			defaultConfigurationIsVisible = 0;
			defaultConfigurationName = Release;
		};
		6DAC6BEA229E3D8800D19A48 /* Build configuration list for PBXNativeTarget "testserver" */ = {
			isa = XCConfigurationList;
			buildConfigurations = (
				6DAC6BEB229E3D8800D19A48 /* Debug */,
				6DAC6BEC229E3D8800D19A48 /* Release */,
			);
			defaultConfigurationIsVisible = 0;
			defaultConfigurationName = Release;
		};
		6DAC6BED229E3D8800D19A48 /* Build configuration list for PBXNativeTarget "testserverTests" */ = {
			isa = XCConfigurationList;
			buildConfigurations = (
				6DAC6BEE229E3D8800D19A48 /* Debug */,
				6DAC6BEF229E3D8800D19A48 /* Release */,
			);
			defaultConfigurationIsVisible = 0;
			defaultConfigurationName = Release;
		};
		6DAC6BF0229E3D8800D19A48 /* Build configuration list for PBXNativeTarget "testserverUITests" */ = {
			isa = XCConfigurationList;
			buildConfigurations = (
				6DAC6BF1229E3D8800D19A48 /* Debug */,
				6DAC6BF2229E3D8800D19A48 /* Release */,
			);
			defaultConfigurationIsVisible = 0;
			defaultConfigurationName = Release;
		};
/* End XCConfigurationList section */
	};
	rootObject = 6DAC6BBA229E3D8000D19A48 /* Project object */;
}
